
Microsoft Visual Studio Solution File, Format Version 12.00
# Visual Studio Version 16
VisualStudioVersion = 16.0.30907.101
MinimumVisualStudioVersion = 10.0.40219.1
Project("{8BC9CEB8-8B4A-11D0-8D11-00A0C91BC942}") = "dbgviewhook", "dbgviewhook\dbgviewhook.vcxproj", "{5180ECE3-471D-4546-A578-58FB2F32A1DB}"
EndProject
Project("{FAE04EC0-301F-11D3-BF4B-00C04F79EFBC}") = "DbgviewDiscord", "DbgviewDiscord\DbgviewDiscord.csproj", "{44D8C6AE-7215-4ADE-B64D-C15346F9F07A}"
EndProject
Global
	GlobalSection(SolutionConfigurationPlatforms) = preSolution
		Debug|Any CPU = Debug|Any CPU
		Debug|x64 = Debug|x64
		Debug|x86 = Debug|x86
		Release|Any CPU = Release|Any CPU
		Release|x64 = Release|x64
		Release|x86 = Release|x86
	EndGlobalSection
	GlobalSection(ProjectConfigurationPlatforms) = postSolution
		{5180ECE3-471D-4546-A578-58FB2F32A1DB}.Debug|Any CPU.ActiveCfg = Debug|Win32
		{5180ECE3-471D-4546-A578-58FB2F32A1DB}.Debug|x64.ActiveCfg = Debug|x64
		{5180ECE3-471D-4546-A578-58FB2F32A1DB}.Debug|x64.Build.0 = Debug|x64
		{5180ECE3-471D-4546-A578-58FB2F32A1DB}.Debug|x86.ActiveCfg = Debug|Win32
		{5180ECE3-471D-4546-A578-58FB2F32A1DB}.Debug|x86.Build.0 = Debug|Win32
		{5180ECE3-471D-4546-A578-58FB2F32A1DB}.Release|Any CPU.ActiveCfg = Release|Win32
		{5180ECE3-471D-4546-A578-58FB2F32A1DB}.Release|x64.ActiveCfg = Release|x64
		{5180ECE3-471D-4546-A578-58FB2F32A1DB}.Release|x64.Build.0 = Release|x64
		{5180ECE3-471D-4546-A578-58FB2F32A1DB}.Release|x86.ActiveCfg = Release|Win32
		{5180ECE3-471D-4546-A578-58FB2F32A1DB}.Release|x86.Build.0 = Release|Win32
		{44D8C6AE-7215-4ADE-B64D-C15346F9F07A}.Debug|Any CPU.ActiveCfg = Debug|Any CPU
		{44D8C6AE-7215-4ADE-B64D-C15346F9F07A}.Debug|Any CPU.Build.0 = Debug|Any CPU
		{44D8C6AE-7215-4ADE-B64D-C15346F9F07A}.Debug|x64.ActiveCfg = Debug|Any CPU
		{44D8C6AE-7215-4ADE-B64D-C15346F9F07A}.Debug|x64.Build.0 = Debug|Any CPU
		{44D8C6AE-7215-4ADE-B64D-C15346F9F07A}.Debug|x86.ActiveCfg = Debug|Any CPU
		{44D8C6AE-7215-4ADE-B64D-C15346F9F07A}.Debug|x86.Build.0 = Debug|Any CPU
		{44D8C6AE-7215-4ADE-B64D-C15346F9F07A}.Release|Any CPU.ActiveCfg = Release|Any CPU
		{44D8C6AE-7215-4ADE-B64D-C15346F9F07A}.Release|Any CPU.Build.0 = Release|Any CPU
		{44D8C6AE-7215-4ADE-B64D-C15346F9F07A}.Release|x64.ActiveCfg = Release|Any CPU
		{44D8C6AE-7215-4ADE-B64D-C15346F9F07A}.Release|x64.Build.0 = Release|Any CPU
		{44D8C6AE-7215-4ADE-B64D-C15346F9F07A}.Release|x86.ActiveCfg = Release|Any CPU
		{44D8C6AE-7215-4ADE-B64D-C15346F9F07A}.Release|x86.Build.0 = Release|Any CPU
	EndGlobalSection
	GlobalSection(SolutionProperties) = preSolution
		HideSolutionNode = FALSE
	EndGlobalSection
	GlobalSection(ExtensibilityGlobals) = postSolution
		SolutionGuid = {15B5517B-75BC-43D5-8B0B-3008B1837089}
	EndGlobalSection
EndGlobal
